
Microsoft Visual Studio Solution File, Format Version 12.00
# Visual Studio Version 16
VisualStudioVersion = 16.0.29215.179
MinimumVisualStudioVersion = 10.0.40219.1
Project("{FAE04EC0-301F-11D3-BF4B-00C04F79EFBC}") = "Tube", "Tube\Tube.csproj", "{A4782637-BE30-4C7A-9ADB-5A4D81741DA2}"
EndProject
Project("{FAE04EC0-301F-11D3-BF4B-00C04F79EFBC}") = "TubeTests", "TubeTests\TubeTests.csproj", "{40678705-0C6D-43FF-892C-649DA1F6ACC6}"
EndProject
Project("{2150E333-8FDC-42A3-9474-1A3956D46DE8}") = "docs", "docs", "{2C8A3EC4-2061-426A-9487-D13B4703B7C5}"
	ProjectSection(SolutionItems) = preProject
		readme.md = readme.md
	EndProjectSection
EndProject
Project("{2150E333-8FDC-42A3-9474-1A3956D46DE8}") = "sounds", "sounds", "{0695018E-0EDA-483C-8C6E-88ACD199FB20}"
EndProject
Project("{2150E333-8FDC-42A3-9474-1A3956D46DE8}") = "glue-files", "glue-files", "{2A42AA76-AE73-4CD7-9796-B0FC328D10DB}"
	ProjectSection(SolutionItems) = preProject
		Tube\glue-files\ark.glue = Tube\glue-files\ark.glue
		Tube\glue-files\mouse-safety.glue = Tube\glue-files\mouse-safety.glue
		Tube\glue-files\terraria.glue = Tube\glue-files\terraria.glue
	EndProjectSection
EndProject
Global
	GlobalSection(SolutionConfigurationPlatforms) = preSolution
		Debug|Any CPU = Debug|Any CPU
		Release|Any CPU = Release|Any CPU
	EndGlobalSection
	GlobalSection(ProjectConfigurationPlatforms) = postSolution
		{A4782637-BE30-4C7A-9ADB-5A4D81741DA2}.Debug|Any CPU.ActiveCfg = Debug|Any CPU
		{A4782637-BE30-4C7A-9ADB-5A4D81741DA2}.Debug|Any CPU.Build.0 = Debug|Any CPU
		{A4782637-BE30-4C7A-9ADB-5A4D81741DA2}.Release|Any CPU.ActiveCfg = Release|Any CPU
		{A4782637-BE30-4C7A-9ADB-5A4D81741DA2}.Release|Any CPU.Build.0 = Release|Any CPU
		{40678705-0C6D-43FF-892C-649DA1F6ACC6}.Debug|Any CPU.ActiveCfg = Debug|Any CPU
		{40678705-0C6D-43FF-892C-649DA1F6ACC6}.Debug|Any CPU.Build.0 = Debug|Any CPU
		{40678705-0C6D-43FF-892C-649DA1F6ACC6}.Release|Any CPU.ActiveCfg = Release|Any CPU
		{40678705-0C6D-43FF-892C-649DA1F6ACC6}.Release|Any CPU.Build.0 = Release|Any CPU
	EndGlobalSection
	GlobalSection(SolutionProperties) = preSolution
		HideSolutionNode = FALSE
	EndGlobalSection
	GlobalSection(ExtensibilityGlobals) = postSolution
		SolutionGuid = {97551944-76B6-4383-8A47-B81FB988B676}
	EndGlobalSection
EndGlobal
